
Microsoft Visual Studio Solution File, Format Version 12.00
# Visual Studio Version 17
VisualStudioVersion = 17.11.35327.3
MinimumVisualStudioVersion = 10.0.40219.1
Project("{FAE04EC0-301F-11D3-BF4B-00C04F79EFBC}") = "FinancialGoals", "FinancialGoals.csproj", "{1853676D-9DE8-4563-868C-D5E4A679CFAD}"
EndProject
Global
	GlobalSection(SolutionConfigurationPlatforms) = preSolution
		Debug|Any CPU = Debug|Any CPU
		Release|Any CPU = Release|Any CPU
	EndGlobalSection
	GlobalSection(ProjectConfigurationPlatforms) = postSolution
		{1853676D-9DE8-4563-868C-D5E4A679CFAD}.Debug|Any CPU.ActiveCfg = Debug|Any CPU
		{1853676D-9DE8-4563-868C-D5E4A679CFAD}.Debug|Any CPU.Build.0 = Debug|Any CPU
		{1853676D-9DE8-4563-868C-D5E4A679CFAD}.Release|Any CPU.ActiveCfg = Release|Any CPU
		{1853676D-9DE8-4563-868C-D5E4A679CFAD}.Release|Any CPU.Build.0 = Release|Any CPU
	EndGlobalSection
	GlobalSection(SolutionProperties) = preSolution
		HideSolutionNode = FALSE
	EndGlobalSection
	GlobalSection(ExtensibilityGlobals) = postSolution
		SolutionGuid = {0A2AEC9C-D37E-4A45-B811-B56C1D9248B8}
	EndGlobalSection
EndGlobal
